
Microsoft Visual Studio Solution File, Format Version 12.00
# Visual Studio Version 17
VisualStudioVersion = 17.3.32901.215
MinimumVisualStudioVersion = 10.0.40219.1
Project("{9A19103F-16F7-4668-BE54-9A1E7A4F7556}") = "proyecto_envios", "proyecto_envios\proyecto_envios.csproj", "{256E4C50-BF51-4934-84E9-944CD5C535D6}"
EndProject
Project("{FAE04EC0-301F-11D3-BF4B-00C04F79EFBC}") = "negocios", "negocios\negocios.csproj", "{0771A2AE-0117-4116-AE1D-DCF52741727C}"
EndProject
Project("{FAE04EC0-301F-11D3-BF4B-00C04F79EFBC}") = "datos", "datos\datos.csproj", "{5DAB922D-EE0A-43D3-9508-85429168AD5B}"
EndProject
Global
	GlobalSection(SolutionConfigurationPlatforms) = preSolution
		Debug|Any CPU = Debug|Any CPU
		Release|Any CPU = Release|Any CPU
	EndGlobalSection
	GlobalSection(ProjectConfigurationPlatforms) = postSolution
		{256E4C50-BF51-4934-84E9-944CD5C535D6}.Debug|Any CPU.ActiveCfg = Debug|Any CPU
		{256E4C50-BF51-4934-84E9-944CD5C535D6}.Debug|Any CPU.Build.0 = Debug|Any CPU
		{256E4C50-BF51-4934-84E9-944CD5C535D6}.Release|Any CPU.ActiveCfg = Release|Any CPU
		{256E4C50-BF51-4934-84E9-944CD5C535D6}.Release|Any CPU.Build.0 = Release|Any CPU
		{0771A2AE-0117-4116-AE1D-DCF52741727C}.Debug|Any CPU.ActiveCfg = Debug|Any CPU
		{0771A2AE-0117-4116-AE1D-DCF52741727C}.Debug|Any CPU.Build.0 = Debug|Any CPU
		{0771A2AE-0117-4116-AE1D-DCF52741727C}.Release|Any CPU.ActiveCfg = Release|Any CPU
		{0771A2AE-0117-4116-AE1D-DCF52741727C}.Release|Any CPU.Build.0 = Release|Any CPU
		{5DAB922D-EE0A-43D3-9508-85429168AD5B}.Debug|Any CPU.ActiveCfg = Debug|Any CPU
		{5DAB922D-EE0A-43D3-9508-85429168AD5B}.Debug|Any CPU.Build.0 = Debug|Any CPU
		{5DAB922D-EE0A-43D3-9508-85429168AD5B}.Release|Any CPU.ActiveCfg = Release|Any CPU
		{5DAB922D-EE0A-43D3-9508-85429168AD5B}.Release|Any CPU.Build.0 = Release|Any CPU
	EndGlobalSection
	GlobalSection(SolutionProperties) = preSolution
		HideSolutionNode = FALSE
	EndGlobalSection
	GlobalSection(ExtensibilityGlobals) = postSolution
		SolutionGuid = {296ADC1B-36CD-42FE-A88A-6529A0F577EB}
	EndGlobalSection
EndGlobal
